// !$*UTF8*$!
{
	archiveVersion = 1;
	classes = {
	};
	objectVersion = 50;
	objects = {

/* Begin PBXBuildFile section */
		5B447C3D2474D27D00EE6814 /* AppDelegate.swift in Sources */ = {isa = PBXBuildFile; fileRef = 5B447C3C2474D27D00EE6814 /* AppDelegate.swift */; };
		5B447C3F2474D27D00EE6814 /* SceneDelegate.swift in Sources */ = {isa = PBXBuildFile; fileRef = 5B447C3E2474D27D00EE6814 /* SceneDelegate.swift */; };
		5B447C442474D27D00EE6814 /* Main.storyboard in Resources */ = {isa = PBXBuildFile; fileRef = 5B447C422474D27D00EE6814 /* Main.storyboard */; };
		5B447C462474D28000EE6814 /* Assets.xcassets in Resources */ = {isa = PBXBuildFile; fileRef = 5B447C452474D28000EE6814 /* Assets.xcassets */; };
		5B447C492474D28000EE6814 /* LaunchScreen.storyboard in Resources */ = {isa = PBXBuildFile; fileRef = 5B447C472474D28000EE6814 /* LaunchScreen.storyboard */; };
		5B447C512474D4D300EE6814 /* NumberGameViewController.swift in Sources */ = {isa = PBXBuildFile; fileRef = 5B447C502474D4D300EE6814 /* NumberGameViewController.swift */; };
/* End PBXBuildFile section */

/* Begin PBXFileReference section */
		5B447C392474D27D00EE6814 /* NumberGame.app */ = {isa = PBXFileReference; explicitFileType = wrapper.application; includeInIndex = 0; path = NumberGame.app; sourceTree = BUILT_PRODUCTS_DIR; };
		5B447C3C2474D27D00EE6814 /* AppDelegate.swift */ = {isa = PBXFileReference; lastKnownFileType = sourcecode.swift; path = AppDelegate.swift; sourceTree = "<group>"; };
		5B447C3E2474D27D00EE6814 /* SceneDelegate.swift */ = {isa = PBXFileReference; lastKnownFileType = sourcecode.swift; path = SceneDelegate.swift; sourceTree = "<group>"; };
		5B447C432474D27D00EE6814 /* Base */ = {isa = PBXFileReference; lastKnownFileType = file.storyboard; name = Base; path = Base.lproj/Main.storyboard; sourceTree = "<group>"; };
		5B447C452474D28000EE6814 /* Assets.xcassets */ = {isa = PBXFileReference; lastKnownFileType = folder.assetcatalog; path = Assets.xcassets; sourceTree = "<group>"; };
		5B447C482474D28000EE6814 /* Base */ = {isa = PBXFileReference; lastKnownFileType = file.storyboard; name = Base; path = Base.lproj/LaunchScreen.storyboard; sourceTree = "<group>"; };
		5B447C4A2474D28000EE6814 /* Info.plist */ = {isa = PBXFileReference; lastKnownFileType = text.plist.xml; path = Info.plist; sourceTree = "<group>"; };
		5B447C502474D4D300EE6814 /* NumberGameViewController.swift */ = {isa = PBXFileReference; lastKnownFileType = sourcecode.swift; path = NumberGameViewController.swift; sourceTree = "<group>"; };
/* End PBXFileReference section */

/* Begin PBXFrameworksBuildPhase section */
		5B447C362474D27D00EE6814 /* Frameworks */ = {
			isa = PBXFrameworksBuildPhase;
			buildActionMask = 2147483647;
			files = (
			);
			runOnlyForDeploymentPostprocessing = 0;
		};
/* End PBXFrameworksBuildPhase section */

/* Begin PBXGroup section */
		5B447C302474D27D00EE6814 = {
			isa = PBXGroup;
			children = (
				5B447C3B2474D27D00EE6814 /* NumberGame */,
				5B447C3A2474D27D00EE6814 /* Products */,
			);
			sourceTree = "<group>";
		};
		5B447C3A2474D27D00EE6814 /* Products */ = {
			isa = PBXGroup;
			children = (
				5B447C392474D27D00EE6814 /* NumberGame.app */,
			);
			name = Products;
			sourceTree = "<group>";
		};
		5B447C3B2474D27D00EE6814 /* NumberGame */ = {
			isa = PBXGroup;
			children = (
				5B447C3C2474D27D00EE6814 /* AppDelegate.swift */,
				5B447C3E2474D27D00EE6814 /* SceneDelegate.swift */,
				5B447C422474D27D00EE6814 /* Main.storyboard */,
				5B447C452474D28000EE6814 /* Assets.xcassets */,
				5B447C472474D28000EE6814 /* LaunchScreen.storyboard */,
				5B447C4A2474D28000EE6814 /* Info.plist */,
				5B447C502474D4D300EE6814 /* NumberGameViewController.swift */,
			);
			path = NumberGame;
			sourceTree = "<group>";
		};
/* End PBXGroup section */

/* Begin PBXNativeTarget section */
		5B447C382474D27D00EE6814 /* NumberGame */ = {
			isa = PBXNativeTarget;
			buildConfigurationList = 5B447C4D2474D28000EE6814 /* Build configuration list for PBXNativeTarget "NumberGame" */;
			buildPhases = (
				5B447C352474D27D00EE6814 /* Sources */,
				5B447C362474D27D00EE6814 /* Frameworks */,
				5B447C372474D27D00EE6814 /* Resources */,
			);
			buildRules = (
			);
			dependencies = (
			);
			name = NumberGame;
			productName = NumberGame;
			productReference = 5B447C392474D27D00EE6814 /* NumberGame.app */;
			productType = "com.apple.product-type.application";
		};
/* End PBXNativeTarget section */

/* Begin PBXProject section */
		5B447C312474D27D00EE6814 /* Project object */ = {
			isa = PBXProject;
			attributes = {
				LastSwiftUpdateCheck = 1130;
				LastUpgradeCheck = 1130;
				ORGANIZATIONNAME = "shubham Garg";
				TargetAttributes = {
					5B447C382474D27D00EE6814 = {
						CreatedOnToolsVersion = 11.3.1;
					};
				};
			};
			buildConfigurationList = 5B447C342474D27D00EE6814 /* Build configuration list for PBXProject "NumberGame" */;
			compatibilityVersion = "Xcode 9.3";
			developmentRegion = en;
			hasScannedForEncodings = 0;
			knownRegions = (
				en,
				Base,
			);
			mainGroup = 5B447C302474D27D00EE6814;
			productRefGroup = 5B447C3A2474D27D00EE6814 /* Products */;
			projectDirPath = "";
			projectRoot = "";
			targets = (
				5B447C382474D27D00EE6814 /* NumberGame */,
			);
		};
/* End PBXProject section */

/* Begin PBXResourcesBuildPhase section */
		5B447C372474D27D00EE6814 /* Resources */ = {
			isa = PBXResourcesBuildPhase;
			buildActionMask = 2147483647;
			files = (
				5B447C492474D28000EE6814 /* LaunchScreen.storyboard in Resources */,
				5B447C462474D28000EE6814 /* Assets.xcassets in Resources */,
				5B447C442474D27D00EE6814 /* Main.storyboard in Resources */,
			);
			runOnlyForDeploymentPostprocessing = 0;
		};
/* End PBXResourcesBuildPhase section */

/* Begin PBXSourcesBuildPhase section */
		5B447C352474D27D00EE6814 /* Sources */ = {
			isa = PBXSourcesBuildPhase;
			buildActionMask = 2147483647;
			files = (
				5B447C3D2474D27D00EE6814 /* AppDelegate.swift in Sources */,
				5B447C3F2474D27D00EE6814 /* SceneDelegate.swift in Sources */,
				5B447C512474D4D300EE6814 /* NumberGameViewController.swift in Sources */,
			);
			runOnlyForDeploymentPostprocessing = 0;
		};
/* End PBXSourcesBuildPhase section */

/* Begin PBXVariantGroup section */
		5B447C422474D27D00EE6814 /* Main.storyboard */ = {
			isa = PBXVariantGroup;
			children = (
				5B447C432474D27D00EE6814 /* Base */,
			);
			name = Main.storyboard;
			sourceTree = "<group>";
		};
		5B447C472474D28000EE6814 /* LaunchScreen.storyboard */ = {
			isa = PBXVariantGroup;
			children = (
				5B447C482474D28000EE6814 /* Base */,
			);
			name = LaunchScreen.storyboard;
			sourceTree = "<group>";
		};
/* End PBXVariantGroup section */

/* Begin XCBuildConfiguration section */
		5B447C4B2474D28000EE6814 /* Debug */ = {
			isa = XCBuildConfiguration;
			buildSettings = {
				ALWAYS_SEARCH_USER_PATHS = NO;
				CLANG_ANALYZER_NONNULL = YES;
				CLANG_ANALYZER_NUMBER_OBJECT_CONVERSION = YES_AGGRESSIVE;
				CLANG_CXX_LANGUAGE_STANDARD = "gnu++14";
				CLANG_CXX_LIBRARY = "libc++";
				CLANG_ENABLE_MODULES = YES;
				CLANG_ENABLE_OBJC_ARC = YES;
				CLANG_ENABLE_OBJC_WEAK = YES;
				CLANG_WARN_BLOCK_CAPTURE_AUTORELEASING = YES;
				CLANG_WARN_BOOL_CONVERSION = YES;
				CLANG_WARN_COMMA = YES;
				CLANG_WARN_CONSTANT_CONVERSION = YES;
				CLANG_WARN_DEPRECATED_OBJC_IMPLEMENTATIONS = YES;
				CLANG_WARN_DIRECT_OBJC_ISA_USAGE = YES_ERROR;
				CLANG_WARN_DOCUMENTATION_COMMENTS = YES;
				CLANG_WARN_EMPTY_BODY = YES;
				CLANG_WARN_ENUM_CONVERSION = YES;
				CLANG_WARN_INFINITE_RECURSION = YES;
				CLANG_WARN_INT_CONVERSION = YES;
				CLANG_WARN_NON_LITERAL_NULL_CONVERSION = YES;
				CLANG_WARN_OBJC_IMPLICIT_RETAIN_SELF = YES;
				CLANG_WARN_OBJC_LITERAL_CONVERSION = YES;
				CLANG_WARN_OBJC_ROOT_CLASS = YES_ERROR;
				CLANG_WARN_RANGE_LOOP_ANALYSIS = YES;
				CLANG_WARN_STRICT_PROTOTYPES = YES;
				CLANG_WARN_SUSPICIOUS_MOVE = YES;
				CLANG_WARN_UNGUARDED_AVAILABILITY = YES_AGGRESSIVE;
				CLANG_WARN_UNREACHABLE_CODE = YES;
				CLANG_WARN__DUPLICATE_METHOD_MATCH = YES;
				COPY_PHASE_STRIP = NO;
				DEBUG_INFORMATION_FORMAT = dwarf;
				ENABLE_STRICT_OBJC_MSGSEND = YES;
				ENABLE_TESTABILITY = YES;
				GCC_C_LANGUAGE_STANDARD = gnu11;
				GCC_DYNAMIC_NO_PIC = NO;
				GCC_NO_COMMON_BLOCKS = YES;
				GCC_OPTIMIZATION_LEVEL = 0;
				GCC_PREPROCESSOR_DEFINITIONS = (
					"DEBUG=1",
					"$(inherited)",
				);
				GCC_WARN_64_TO_32_BIT_CONVERSION = YES;
				GCC_WARN_ABOUT_RETURN_TYPE = YES_ERROR;
				GCC_WARN_UNDECLARED_SELECTOR = YES;
				GCC_WARN_UNINITIALIZED_AUTOS = YES_AGGRESSIVE;
				GCC_WARN_UNUSED_FUNCTION = YES;
				GCC_WARN_UNUSED_VARIABLE = YES;
				IPHONEOS_DEPLOYMENT_TARGET = 13.2;
				MTL_ENABLE_DEBUG_INFO = INCLUDE_SOURCE;
				MTL_FAST_MATH = YES;
				ONLY_ACTIVE_ARCH = YES;
				SDKROOT = iphoneos;
				SWIFT_ACTIVE_COMPILATION_CONDITIONS = DEBUG;
				SWIFT_OPTIMIZATION_LEVEL = "-Onone";
			};
			name = Debug;
		};
		5B447C4C2474D28000EE6814 /* Release */ = {
			isa = XCBuildConfiguration;
			buildSettings = {
				ALWAYS_SEARCH_USER_PATHS = NO;
				CLANG_ANALYZER_NONNULL = YES;
				CLANG_ANALYZER_NUMBER_OBJECT_CONVERSION = YES_AGGRESSIVE;
				CLANG_CXX_LANGUAGE_STANDARD = "gnu++14";
				CLANG_CXX_LIBRARY = "libc++";
				CLANG_ENABLE_MODULES = YES;
				CLANG_ENABLE_OBJC_ARC = YES;
				CLANG_ENABLE_OBJC_WEAK = YES;
				CLANG_WARN_BLOCK_CAPTURE_AUTORELEASING = YES;
				CLANG_WARN_BOOL_CONVERSION = YES;
				CLANG_WARN_COMMA = YES;
				CLANG_WARN_CONSTANT_CONVERSION = YES;
				CLANG_WARN_DEPRECATED_OBJC_IMPLEMENTATIONS = YES;
				CLANG_WARN_DIRECT_OBJC_ISA_USAGE = YES_ERROR;
				CLANG_WARN_DOCUMENTATION_COMMENTS = YES;
				CLANG_WARN_EMPTY_BODY = YES;
				CLANG_WARN_ENUM_CONVERSION = YES;
				CLANG_WARN_INFINITE_RECURSION = YES;
				CLANG_WARN_INT_CONVERSION = YES;
				CLANG_WARN_NON_LITERAL_NULL_CONVERSION = YES;
				CLANG_WARN_OBJC_IMPLICIT_RETAIN_SELF = YES;
				CLANG_WARN_OBJC_LITERAL_CONVERSION = YES;
				CLANG_WARN_OBJC_ROOT_CLASS = YES_ERROR;
				CLANG_WARN_RANGE_LOOP_ANALYSIS = YES;
				CLANG_WARN_STRICT_PROTOTYPES = YES;
				CLANG_WARN_SUSPICIOUS_MOVE = YES;
				CLANG_WARN_UNGUARDED_AVAILABILITY = YES_AGGRESSIVE;
				CLANG_WARN_UNREACHABLE_CODE = YES;
				CLANG_WARN__DUPLICATE_METHOD_MATCH = YES;
				COPY_PHASE_STRIP = NO;
				DEBUG_INFORMATION_FORMAT = "dwarf-with-dsym";
				ENABLE_NS_ASSERTIONS = NO;
				ENABLE_STRICT_OBJC_MSGSEND = YES;
				GCC_C_LANGUAGE_STANDARD = gnu11;
				GCC_NO_COMMON_BLOCKS = YES;
				GCC_WARN_64_TO_32_BIT_CONVERSION = YES;
				GCC_WARN_ABOUT_RETURN_TYPE = YES_ERROR;
				GCC_WARN_UNDECLARED_SELECTOR = YES;
				GCC_WARN_UNINITIALIZED_AUTOS = YES_AGGRESSIVE;
				GCC_WARN_UNUSED_FUNCTION = YES;
				GCC_WARN_UNUSED_VARIABLE = YES;
				IPHONEOS_DEPLOYMENT_TARGET = 13.2;
				MTL_ENABLE_DEBUG_INFO = NO;
				MTL_FAST_MATH = YES;
				SDKROOT = iphoneos;
				SWIFT_COMPILATION_MODE = wholemodule;
				SWIFT_OPTIMIZATION_LEVEL = "-O";
				VALIDATE_PRODUCT = YES;
			};
			name = Release;
		};
		5B447C4E2474D28000EE6814 /* Debug */ = {
			isa = XCBuildConfiguration;
			buildSettings = {
				ASSETCATALOG_COMPILER_APPICON_NAME = AppIcon;
				CODE_SIGN_STYLE = Automatic;
				INFOPLIST_FILE = NumberGame/Info.plist;
				LD_RUNPATH_SEARCH_PATHS = (
					"$(inherited)",
					"@executable_path/Frameworks",
				);
				PRODUCT_BUNDLE_IDENTIFIER = Shubh.NumberGame;
				PRODUCT_NAME = "$(TARGET_NAME)";
				SWIFT_VERSION = 5.0;
				TARGETED_DEVICE_FAMILY = "1,2";
			};
			name = Debug;
		};
		5B447C4F2474D28000EE6814 /* Release */ = {
			isa = XCBuildConfiguration;
			buildSettings = {
				ASSETCATALOG_COMPILER_APPICON_NAME = AppIcon;
				CODE_SIGN_STYLE = Automatic;
				INFOPLIST_FILE = NumberGame/Info.plist;
				LD_RUNPATH_SEARCH_PATHS = (
					"$(inherited)",
					"@executable_path/Frameworks",
				);
				PRODUCT_BUNDLE_IDENTIFIER = Shubh.NumberGame;
				PRODUCT_NAME = "$(TARGET_NAME)";
				SWIFT_VERSION = 5.0;
				TARGETED_DEVICE_FAMILY = "1,2";
			};
			name = Release;
		};
/* End XCBuildConfiguration section */

/* Begin XCConfigurationList section */
		5B447C342474D27D00EE6814 /* Build configuration list for PBXProject "NumberGame" */ = {
			isa = XCConfigurationList;
			buildConfigurations = (
				5B447C4B2474D28000EE6814 /* Debug */,
				5B447C4C2474D28000EE6814 /* Release */,
			);
			defaultConfigurationIsVisible = 0;
			defaultConfigurationName = Release;
		};
		5B447C4D2474D28000EE6814 /* Build configuration list for PBXNativeTarget "NumberGame" */ = {
			isa = XCConfigurationList;
			buildConfigurations = (
				5B447C4E2474D28000EE6814 /* Debug */,
				5B447C4F2474D28000EE6814 /* Release */,
			);
			defaultConfigurationIsVisible = 0;
			defaultConfigurationName = Release;
		};
/* End XCConfigurationList section */
	};
	rootObject = 5B447C312474D27D00EE6814 /* Project object */;
}
